
Microsoft Visual Studio Solution File, Format Version 12.00
# Visual Studio Version 17
VisualStudioVersion = 17.8.34330.188
MinimumVisualStudioVersion = 10.0.40219.1
Project("{FAE04EC0-301F-11D3-BF4B-00C04F79EFBC}") = "01_MainSubjets", "01_MainSubjets\01_MainSubjets.csproj", "{615ABA3D-A1A7-45F4-BB5E-CB4FFFE90CB9}"
EndProject
Project("{FAE04EC0-301F-11D3-BF4B-00C04F79EFBC}") = "02_Veriables", "02_Veriables\02_Veriables.csproj", "{79ECBA95-924B-4DB4-B0DE-5A993D34888C}"
EndProject
Project("{FAE04EC0-301F-11D3-BF4B-00C04F79EFBC}") = "03_MakingDecision", "03_MakingDecision\03_MakingDecision.csproj", "{17134EE0-1FAF-4C21-A7D8-6DC7386ADB8F}"
EndProject
Project("{FAE04EC0-301F-11D3-BF4B-00C04F79EFBC}") = "04_Loops", "04_Loops\04_Loops.csproj", "{6D1CC4CB-17D0-4FC8-A993-512D7533D1D2}"
EndProject
Project("{FAE04EC0-301F-11D3-BF4B-00C04F79EFBC}") = "05_LoopsWithStars", "05_LoopsWithStars\05_LoopsWithStars.csproj", "{07F06054-08F3-4AF3-935D-F06AD564D6B1}"
EndProject
Project("{FAE04EC0-301F-11D3-BF4B-00C04F79EFBC}") = "06_Arrays", "06_Arrays\06_Arrays.csproj", "{DE23A362-466B-46EB-9385-96E073162C92}"
EndProject
Project("{FAE04EC0-301F-11D3-BF4B-00C04F79EFBC}") = "07_ForeachLoop", "07_ForeachLoop\07_ForeachLoop.csproj", "{C6DF5072-571E-49AE-8C0C-05FA458478B8}"
EndProject
Global
	GlobalSection(SolutionConfigurationPlatforms) = preSolution
		Debug|Any CPU = Debug|Any CPU
		Release|Any CPU = Release|Any CPU
	EndGlobalSection
	GlobalSection(ProjectConfigurationPlatforms) = postSolution
		{615ABA3D-A1A7-45F4-BB5E-CB4FFFE90CB9}.Debug|Any CPU.ActiveCfg = Debug|Any CPU
		{615ABA3D-A1A7-45F4-BB5E-CB4FFFE90CB9}.Debug|Any CPU.Build.0 = Debug|Any CPU
		{615ABA3D-A1A7-45F4-BB5E-CB4FFFE90CB9}.Release|Any CPU.ActiveCfg = Release|Any CPU
		{615ABA3D-A1A7-45F4-BB5E-CB4FFFE90CB9}.Release|Any CPU.Build.0 = Release|Any CPU
		{79ECBA95-924B-4DB4-B0DE-5A993D34888C}.Debug|Any CPU.ActiveCfg = Debug|Any CPU
		{79ECBA95-924B-4DB4-B0DE-5A993D34888C}.Debug|Any CPU.Build.0 = Debug|Any CPU
		{79ECBA95-924B-4DB4-B0DE-5A993D34888C}.Release|Any CPU.ActiveCfg = Release|Any CPU
		{79ECBA95-924B-4DB4-B0DE-5A993D34888C}.Release|Any CPU.Build.0 = Release|Any CPU
		{17134EE0-1FAF-4C21-A7D8-6DC7386ADB8F}.Debug|Any CPU.ActiveCfg = Debug|Any CPU
		{17134EE0-1FAF-4C21-A7D8-6DC7386ADB8F}.Debug|Any CPU.Build.0 = Debug|Any CPU
		{17134EE0-1FAF-4C21-A7D8-6DC7386ADB8F}.Release|Any CPU.ActiveCfg = Release|Any CPU
		{17134EE0-1FAF-4C21-A7D8-6DC7386ADB8F}.Release|Any CPU.Build.0 = Release|Any CPU
		{6D1CC4CB-17D0-4FC8-A993-512D7533D1D2}.Debug|Any CPU.ActiveCfg = Debug|Any CPU
		{6D1CC4CB-17D0-4FC8-A993-512D7533D1D2}.Debug|Any CPU.Build.0 = Debug|Any CPU
		{6D1CC4CB-17D0-4FC8-A993-512D7533D1D2}.Release|Any CPU.ActiveCfg = Release|Any CPU
		{6D1CC4CB-17D0-4FC8-A993-512D7533D1D2}.Release|Any CPU.Build.0 = Release|Any CPU
		{07F06054-08F3-4AF3-935D-F06AD564D6B1}.Debug|Any CPU.ActiveCfg = Debug|Any CPU
		{07F06054-08F3-4AF3-935D-F06AD564D6B1}.Debug|Any CPU.Build.0 = Debug|Any CPU
		{07F06054-08F3-4AF3-935D-F06AD564D6B1}.Release|Any CPU.ActiveCfg = Release|Any CPU
		{07F06054-08F3-4AF3-935D-F06AD564D6B1}.Release|Any CPU.Build.0 = Release|Any CPU
		{DE23A362-466B-46EB-9385-96E073162C92}.Debug|Any CPU.ActiveCfg = Debug|Any CPU
		{DE23A362-466B-46EB-9385-96E073162C92}.Debug|Any CPU.Build.0 = Debug|Any CPU
		{DE23A362-466B-46EB-9385-96E073162C92}.Release|Any CPU.ActiveCfg = Release|Any CPU
		{DE23A362-466B-46EB-9385-96E073162C92}.Release|Any CPU.Build.0 = Release|Any CPU
		{C6DF5072-571E-49AE-8C0C-05FA458478B8}.Debug|Any CPU.ActiveCfg = Debug|Any CPU
		{C6DF5072-571E-49AE-8C0C-05FA458478B8}.Debug|Any CPU.Build.0 = Debug|Any CPU
		{C6DF5072-571E-49AE-8C0C-05FA458478B8}.Release|Any CPU.ActiveCfg = Release|Any CPU
		{C6DF5072-571E-49AE-8C0C-05FA458478B8}.Release|Any CPU.Build.0 = Release|Any CPU
	EndGlobalSection
	GlobalSection(SolutionProperties) = preSolution
		HideSolutionNode = FALSE
	EndGlobalSection
	GlobalSection(ExtensibilityGlobals) = postSolution
		SolutionGuid = {6B603FE5-328A-400E-8A47-1F010AD962B2}
	EndGlobalSection
EndGlobal
